// !$*UTF8*$!
{
	archiveVersion = 1;
	classes = {
	};
	objectVersion = 56;
	objects = {

/* Begin PBXBuildFile section */
		843672312AB08BDE00177CD7 /* AppDelegate.swift in Sources */ = {isa = PBXBuildFile; fileRef = 843672302AB08BDE00177CD7 /* AppDelegate.swift */; };
		843672332AB08BDE00177CD7 /* SceneDelegate.swift in Sources */ = {isa = PBXBuildFile; fileRef = 843672322AB08BDE00177CD7 /* SceneDelegate.swift */; };
		843672352AB08BDE00177CD7 /* ViewController.swift in Sources */ = {isa = PBXBuildFile; fileRef = 843672342AB08BDE00177CD7 /* ViewController.swift */; };
		843672382AB08BDE00177CD7 /* Main.storyboard in Resources */ = {isa = PBXBuildFile; fileRef = 843672362AB08BDE00177CD7 /* Main.storyboard */; };
		8436723A2AB08BDF00177CD7 /* Assets.xcassets in Resources */ = {isa = PBXBuildFile; fileRef = 843672392AB08BDF00177CD7 /* Assets.xcassets */; };
		8436723D2AB08BDF00177CD7 /* LaunchScreen.storyboard in Resources */ = {isa = PBXBuildFile; fileRef = 8436723B2AB08BDF00177CD7 /* LaunchScreen.storyboard */; };
		843672452AB0916700177CD7 /* GoogleService-Info.plist in Resources */ = {isa = PBXBuildFile; fileRef = 843672442AB0916700177CD7 /* GoogleService-Info.plist */; };
		F156FF3365BE6CEB23B6C417 /* Pods_DemoCICD.framework in Frameworks */ = {isa = PBXBuildFile; fileRef = DB1D0E6BD1DB06B0B3804150 /* Pods_DemoCICD.framework */; };
/* End PBXBuildFile section */

/* Begin PBXFileReference section */
		66DC7494D9EAB7E86CC2DE05 /* Pods-DemoCICD.debug.xcconfig */ = {isa = PBXFileReference; includeInIndex = 1; lastKnownFileType = text.xcconfig; name = "Pods-DemoCICD.debug.xcconfig"; path = "Target Support Files/Pods-DemoCICD/Pods-DemoCICD.debug.xcconfig"; sourceTree = "<group>"; };
		8436722D2AB08BDE00177CD7 /* DemoCICD.app */ = {isa = PBXFileReference; explicitFileType = wrapper.application; includeInIndex = 0; path = DemoCICD.app; sourceTree = BUILT_PRODUCTS_DIR; };
		843672302AB08BDE00177CD7 /* AppDelegate.swift */ = {isa = PBXFileReference; lastKnownFileType = sourcecode.swift; path = AppDelegate.swift; sourceTree = "<group>"; };
		843672322AB08BDE00177CD7 /* SceneDelegate.swift */ = {isa = PBXFileReference; lastKnownFileType = sourcecode.swift; path = SceneDelegate.swift; sourceTree = "<group>"; };
		843672342AB08BDE00177CD7 /* ViewController.swift */ = {isa = PBXFileReference; lastKnownFileType = sourcecode.swift; path = ViewController.swift; sourceTree = "<group>"; };
		843672372AB08BDE00177CD7 /* Base */ = {isa = PBXFileReference; lastKnownFileType = file.storyboard; name = Base; path = Base.lproj/Main.storyboard; sourceTree = "<group>"; };
		843672392AB08BDF00177CD7 /* Assets.xcassets */ = {isa = PBXFileReference; lastKnownFileType = folder.assetcatalog; path = Assets.xcassets; sourceTree = "<group>"; };
		8436723C2AB08BDF00177CD7 /* Base */ = {isa = PBXFileReference; lastKnownFileType = file.storyboard; name = Base; path = Base.lproj/LaunchScreen.storyboard; sourceTree = "<group>"; };
		8436723E2AB08BDF00177CD7 /* Info.plist */ = {isa = PBXFileReference; lastKnownFileType = text.plist.xml; path = Info.plist; sourceTree = "<group>"; };
		843672442AB0916700177CD7 /* GoogleService-Info.plist */ = {isa = PBXFileReference; lastKnownFileType = text.plist; path = "GoogleService-Info.plist"; sourceTree = SOURCE_ROOT; };
		A7142DF1C386F3AE7ACC8B8A /* Pods-DemoCICD.release.xcconfig */ = {isa = PBXFileReference; includeInIndex = 1; lastKnownFileType = text.xcconfig; name = "Pods-DemoCICD.release.xcconfig"; path = "Target Support Files/Pods-DemoCICD/Pods-DemoCICD.release.xcconfig"; sourceTree = "<group>"; };
		DB1D0E6BD1DB06B0B3804150 /* Pods_DemoCICD.framework */ = {isa = PBXFileReference; explicitFileType = wrapper.framework; includeInIndex = 0; path = Pods_DemoCICD.framework; sourceTree = BUILT_PRODUCTS_DIR; };
/* End PBXFileReference section */

/* Begin PBXFrameworksBuildPhase section */
		8436722A2AB08BDE00177CD7 /* Frameworks */ = {
			isa = PBXFrameworksBuildPhase;
			buildActionMask = 2147483647;
			files = (
				F156FF3365BE6CEB23B6C417 /* Pods_DemoCICD.framework in Frameworks */,
			);
			runOnlyForDeploymentPostprocessing = 0;
		};
/* End PBXFrameworksBuildPhase section */

/* Begin PBXGroup section */
		843672242AB08BDE00177CD7 = {
			isa = PBXGroup;
			children = (
				8436722F2AB08BDE00177CD7 /* DemoCICD */,
				8436722E2AB08BDE00177CD7 /* Products */,
				E4281FADCC4FE2AB359AB6B1 /* Pods */,
				F7146977BD589AF0C07D0BAF /* Frameworks */,
			);
			sourceTree = "<group>";
		};
		8436722E2AB08BDE00177CD7 /* Products */ = {
			isa = PBXGroup;
			children = (
				8436722D2AB08BDE00177CD7 /* DemoCICD.app */,
			);
			name = Products;
			sourceTree = "<group>";
		};
		8436722F2AB08BDE00177CD7 /* DemoCICD */ = {
			isa = PBXGroup;
			children = (
				843672442AB0916700177CD7 /* GoogleService-Info.plist */,
				843672302AB08BDE00177CD7 /* AppDelegate.swift */,
				843672322AB08BDE00177CD7 /* SceneDelegate.swift */,
				843672342AB08BDE00177CD7 /* ViewController.swift */,
				843672362AB08BDE00177CD7 /* Main.storyboard */,
				843672392AB08BDF00177CD7 /* Assets.xcassets */,
				8436723B2AB08BDF00177CD7 /* LaunchScreen.storyboard */,
				8436723E2AB08BDF00177CD7 /* Info.plist */,
			);
			path = DemoCICD;
			sourceTree = "<group>";
		};
		E4281FADCC4FE2AB359AB6B1 /* Pods */ = {
			isa = PBXGroup;
			children = (
				66DC7494D9EAB7E86CC2DE05 /* Pods-DemoCICD.debug.xcconfig */,
				A7142DF1C386F3AE7ACC8B8A /* Pods-DemoCICD.release.xcconfig */,
			);
			path = Pods;
			sourceTree = "<group>";
		};
		F7146977BD589AF0C07D0BAF /* Frameworks */ = {
			isa = PBXGroup;
			children = (
				DB1D0E6BD1DB06B0B3804150 /* Pods_DemoCICD.framework */,
			);
			name = Frameworks;
			sourceTree = "<group>";
		};
/* End PBXGroup section */

/* Begin PBXNativeTarget section */
		8436722C2AB08BDE00177CD7 /* DemoCICD */ = {
			isa = PBXNativeTarget;
			buildConfigurationList = 843672412AB08BDF00177CD7 /* Build configuration list for PBXNativeTarget "DemoCICD" */;
			buildPhases = (
				7ECA0A6671B972D584518309 /* [CP] Check Pods Manifest.lock */,
				843672292AB08BDE00177CD7 /* Sources */,
				8436722A2AB08BDE00177CD7 /* Frameworks */,
				8436722B2AB08BDE00177CD7 /* Resources */,
			);
			buildRules = (
			);
			dependencies = (
			);
			name = DemoCICD;
			productName = DemoCICD;
			productReference = 8436722D2AB08BDE00177CD7 /* DemoCICD.app */;
			productType = "com.apple.product-type.application";
		};
/* End PBXNativeTarget section */

/* Begin PBXProject section */
		843672252AB08BDE00177CD7 /* Project object */ = {
			isa = PBXProject;
			attributes = {
				BuildIndependentTargetsInParallel = 1;
				LastSwiftUpdateCheck = 1420;
				LastUpgradeCheck = 1420;
				TargetAttributes = {
					8436722C2AB08BDE00177CD7 = {
						CreatedOnToolsVersion = 14.2;
					};
				};
			};
			buildConfigurationList = 843672282AB08BDE00177CD7 /* Build configuration list for PBXProject "DemoCICD" */;
			compatibilityVersion = "Xcode 14.0";
			developmentRegion = en;
			hasScannedForEncodings = 0;
			knownRegions = (
				en,
				Base,
			);
			mainGroup = 843672242AB08BDE00177CD7;
			productRefGroup = 8436722E2AB08BDE00177CD7 /* Products */;
			projectDirPath = "";
			projectRoot = "";
			targets = (
				8436722C2AB08BDE00177CD7 /* DemoCICD */,
			);
		};
/* End PBXProject section */

/* Begin PBXResourcesBuildPhase section */
		8436722B2AB08BDE00177CD7 /* Resources */ = {
			isa = PBXResourcesBuildPhase;
			buildActionMask = 2147483647;
			files = (
				8436723D2AB08BDF00177CD7 /* LaunchScreen.storyboard in Resources */,
				843672452AB0916700177CD7 /* GoogleService-Info.plist in Resources */,
				8436723A2AB08BDF00177CD7 /* Assets.xcassets in Resources */,
				843672382AB08BDE00177CD7 /* Main.storyboard in Resources */,
			);
			runOnlyForDeploymentPostprocessing = 0;
		};
/* End PBXResourcesBuildPhase section */

/* Begin PBXShellScriptBuildPhase section */
		7ECA0A6671B972D584518309 /* [CP] Check Pods Manifest.lock */ = {
			isa = PBXShellScriptBuildPhase;
			buildActionMask = 2147483647;
			files = (
			);
			inputFileListPaths = (
			);
			inputPaths = (
				"${PODS_PODFILE_DIR_PATH}/Podfile.lock",
				"${PODS_ROOT}/Manifest.lock",
			);
			name = "[CP] Check Pods Manifest.lock";
			outputFileListPaths = (
			);
			outputPaths = (
				"$(DERIVED_FILE_DIR)/Pods-DemoCICD-checkManifestLockResult.txt",
			);
			runOnlyForDeploymentPostprocessing = 0;
			shellPath = /bin/sh;
			shellScript = "diff \"${PODS_PODFILE_DIR_PATH}/Podfile.lock\" \"${PODS_ROOT}/Manifest.lock\" > /dev/null\nif [ $? != 0 ] ; then\n    # print error to STDERR\n    echo \"error: The sandbox is not in sync with the Podfile.lock. Run 'pod install' or update your CocoaPods installation.\" >&2\n    exit 1\nfi\n# This output is used by Xcode 'outputs' to avoid re-running this script phase.\necho \"SUCCESS\" > \"${SCRIPT_OUTPUT_FILE_0}\"\n";
			showEnvVarsInLog = 0;
		};
/* End PBXShellScriptBuildPhase section */

/* Begin PBXSourcesBuildPhase section */
		843672292AB08BDE00177CD7 /* Sources */ = {
			isa = PBXSourcesBuildPhase;
			buildActionMask = 2147483647;
			files = (
				843672352AB08BDE00177CD7 /* ViewController.swift in Sources */,
				843672312AB08BDE00177CD7 /* AppDelegate.swift in Sources */,
				843672332AB08BDE00177CD7 /* SceneDelegate.swift in Sources */,
			);
			runOnlyForDeploymentPostprocessing = 0;
		};
/* End PBXSourcesBuildPhase section */

/* Begin PBXVariantGroup section */
		843672362AB08BDE00177CD7 /* Main.storyboard */ = {
			isa = PBXVariantGroup;
			children = (
				843672372AB08BDE00177CD7 /* Base */,
			);
			name = Main.storyboard;
			sourceTree = "<group>";
		};
		8436723B2AB08BDF00177CD7 /* LaunchScreen.storyboard */ = {
			isa = PBXVariantGroup;
			children = (
				8436723C2AB08BDF00177CD7 /* Base */,
			);
			name = LaunchScreen.storyboard;
			sourceTree = "<group>";
		};
/* End PBXVariantGroup section */

/* Begin XCBuildConfiguration section */
		8436723F2AB08BDF00177CD7 /* Debug */ = {
			isa = XCBuildConfiguration;
			buildSettings = {
				ALWAYS_SEARCH_USER_PATHS = NO;
				CLANG_ANALYZER_NONNULL = YES;
				CLANG_ANALYZER_NUMBER_OBJECT_CONVERSION = YES_AGGRESSIVE;
				CLANG_CXX_LANGUAGE_STANDARD = "gnu++20";
				CLANG_ENABLE_MODULES = YES;
				CLANG_ENABLE_OBJC_ARC = YES;
				CLANG_ENABLE_OBJC_WEAK = YES;
				CLANG_WARN_BLOCK_CAPTURE_AUTORELEASING = YES;
				CLANG_WARN_BOOL_CONVERSION = YES;
				CLANG_WARN_COMMA = YES;
				CLANG_WARN_CONSTANT_CONVERSION = YES;
				CLANG_WARN_DEPRECATED_OBJC_IMPLEMENTATIONS = YES;
				CLANG_WARN_DIRECT_OBJC_ISA_USAGE = YES_ERROR;
				CLANG_WARN_DOCUMENTATION_COMMENTS = YES;
				CLANG_WARN_EMPTY_BODY = YES;
				CLANG_WARN_ENUM_CONVERSION = YES;
				CLANG_WARN_INFINITE_RECURSION = YES;
				CLANG_WARN_INT_CONVERSION = YES;
				CLANG_WARN_NON_LITERAL_NULL_CONVERSION = YES;
				CLANG_WARN_OBJC_IMPLICIT_RETAIN_SELF = YES;
				CLANG_WARN_OBJC_LITERAL_CONVERSION = YES;
				CLANG_WARN_OBJC_ROOT_CLASS = YES_ERROR;
				CLANG_WARN_QUOTED_INCLUDE_IN_FRAMEWORK_HEADER = YES;
				CLANG_WARN_RANGE_LOOP_ANALYSIS = YES;
				CLANG_WARN_STRICT_PROTOTYPES = YES;
				CLANG_WARN_SUSPICIOUS_MOVE = YES;
				CLANG_WARN_UNGUARDED_AVAILABILITY = YES_AGGRESSIVE;
				CLANG_WARN_UNREACHABLE_CODE = YES;
				CLANG_WARN__DUPLICATE_METHOD_MATCH = YES;
				COPY_PHASE_STRIP = NO;
				DEBUG_INFORMATION_FORMAT = dwarf;
				ENABLE_STRICT_OBJC_MSGSEND = YES;
				ENABLE_TESTABILITY = YES;
				GCC_C_LANGUAGE_STANDARD = gnu11;
				GCC_DYNAMIC_NO_PIC = NO;
				GCC_NO_COMMON_BLOCKS = YES;
				GCC_OPTIMIZATION_LEVEL = 0;
				GCC_PREPROCESSOR_DEFINITIONS = (
					"DEBUG=1",
					"$(inherited)",
				);
				GCC_WARN_64_TO_32_BIT_CONVERSION = YES;
				GCC_WARN_ABOUT_RETURN_TYPE = YES_ERROR;
				GCC_WARN_UNDECLARED_SELECTOR = YES;
				GCC_WARN_UNINITIALIZED_AUTOS = YES_AGGRESSIVE;
				GCC_WARN_UNUSED_FUNCTION = YES;
				GCC_WARN_UNUSED_VARIABLE = YES;
				IPHONEOS_DEPLOYMENT_TARGET = 16.2;
				MTL_ENABLE_DEBUG_INFO = INCLUDE_SOURCE;
				MTL_FAST_MATH = YES;
				ONLY_ACTIVE_ARCH = YES;
				SDKROOT = iphoneos;
				SWIFT_ACTIVE_COMPILATION_CONDITIONS = DEBUG;
				SWIFT_OPTIMIZATION_LEVEL = "-Onone";
			};
			name = Debug;
		};
		843672402AB08BDF00177CD7 /* Release */ = {
			isa = XCBuildConfiguration;
			buildSettings = {
				ALWAYS_SEARCH_USER_PATHS = NO;
				CLANG_ANALYZER_NONNULL = YES;
				CLANG_ANALYZER_NUMBER_OBJECT_CONVERSION = YES_AGGRESSIVE;
				CLANG_CXX_LANGUAGE_STANDARD = "gnu++20";
				CLANG_ENABLE_MODULES = YES;
				CLANG_ENABLE_OBJC_ARC = YES;
				CLANG_ENABLE_OBJC_WEAK = YES;
				CLANG_WARN_BLOCK_CAPTURE_AUTORELEASING = YES;
				CLANG_WARN_BOOL_CONVERSION = YES;
				CLANG_WARN_COMMA = YES;
				CLANG_WARN_CONSTANT_CONVERSION = YES;
				CLANG_WARN_DEPRECATED_OBJC_IMPLEMENTATIONS = YES;
				CLANG_WARN_DIRECT_OBJC_ISA_USAGE = YES_ERROR;
				CLANG_WARN_DOCUMENTATION_COMMENTS = YES;
				CLANG_WARN_EMPTY_BODY = YES;
				CLANG_WARN_ENUM_CONVERSION = YES;
				CLANG_WARN_INFINITE_RECURSION = YES;
				CLANG_WARN_INT_CONVERSION = YES;
				CLANG_WARN_NON_LITERAL_NULL_CONVERSION = YES;
				CLANG_WARN_OBJC_IMPLICIT_RETAIN_SELF = YES;
				CLANG_WARN_OBJC_LITERAL_CONVERSION = YES;
				CLANG_WARN_OBJC_ROOT_CLASS = YES_ERROR;
				CLANG_WARN_QUOTED_INCLUDE_IN_FRAMEWORK_HEADER = YES;
				CLANG_WARN_RANGE_LOOP_ANALYSIS = YES;
				CLANG_WARN_STRICT_PROTOTYPES = YES;
				CLANG_WARN_SUSPICIOUS_MOVE = YES;
				CLANG_WARN_UNGUARDED_AVAILABILITY = YES_AGGRESSIVE;
				CLANG_WARN_UNREACHABLE_CODE = YES;
				CLANG_WARN__DUPLICATE_METHOD_MATCH = YES;
				COPY_PHASE_STRIP = NO;
				DEBUG_INFORMATION_FORMAT = "dwarf-with-dsym";
				ENABLE_NS_ASSERTIONS = NO;
				ENABLE_STRICT_OBJC_MSGSEND = YES;
				GCC_C_LANGUAGE_STANDARD = gnu11;
				GCC_NO_COMMON_BLOCKS = YES;
				GCC_WARN_64_TO_32_BIT_CONVERSION = YES;
				GCC_WARN_ABOUT_RETURN_TYPE = YES_ERROR;
				GCC_WARN_UNDECLARED_SELECTOR = YES;
				GCC_WARN_UNINITIALIZED_AUTOS = YES_AGGRESSIVE;
				GCC_WARN_UNUSED_FUNCTION = YES;
				GCC_WARN_UNUSED_VARIABLE = YES;
				IPHONEOS_DEPLOYMENT_TARGET = 16.2;
				MTL_ENABLE_DEBUG_INFO = NO;
				MTL_FAST_MATH = YES;
				SDKROOT = iphoneos;
				SWIFT_COMPILATION_MODE = wholemodule;
				SWIFT_OPTIMIZATION_LEVEL = "-O";
				VALIDATE_PRODUCT = YES;
			};
			name = Release;
		};
		843672422AB08BDF00177CD7 /* Debug */ = {
			isa = XCBuildConfiguration;
			baseConfigurationReference = 66DC7494D9EAB7E86CC2DE05 /* Pods-DemoCICD.debug.xcconfig */;
			buildSettings = {
				ASSETCATALOG_COMPILER_APPICON_NAME = AppIcon;
				ASSETCATALOG_COMPILER_GLOBAL_ACCENT_COLOR_NAME = AccentColor;
				CODE_SIGN_STYLE = Automatic;
				CURRENT_PROJECT_VERSION = 1;
				DEVELOPMENT_TEAM = CL6WF88HC8;
				GENERATE_INFOPLIST_FILE = YES;
				INFOPLIST_FILE = DemoCICD/Info.plist;
				INFOPLIST_KEY_UIApplicationSupportsIndirectInputEvents = YES;
				INFOPLIST_KEY_UILaunchStoryboardName = LaunchScreen;
				INFOPLIST_KEY_UIMainStoryboardFile = Main;
				INFOPLIST_KEY_UISupportedInterfaceOrientations_iPad = "UIInterfaceOrientationPortrait UIInterfaceOrientationPortraitUpsideDown UIInterfaceOrientationLandscapeLeft UIInterfaceOrientationLandscapeRight";
				INFOPLIST_KEY_UISupportedInterfaceOrientations_iPhone = "UIInterfaceOrientationPortrait UIInterfaceOrientationLandscapeLeft UIInterfaceOrientationLandscapeRight";
				LD_RUNPATH_SEARCH_PATHS = (
					"$(inherited)",
					"@executable_path/Frameworks",
				);
				MARKETING_VERSION = 1.0;
				PRODUCT_BUNDLE_IDENTIFIER = com.system.DemoCICD;
				PRODUCT_NAME = "$(TARGET_NAME)";
				SWIFT_EMIT_LOC_STRINGS = YES;
				SWIFT_VERSION = 5.0;
				TARGETED_DEVICE_FAMILY = "1,2";
			};
			name = Debug;
		};
		843672432AB08BDF00177CD7 /* Release */ = {
			isa = XCBuildConfiguration;
			baseConfigurationReference = A7142DF1C386F3AE7ACC8B8A /* Pods-DemoCICD.release.xcconfig */;
			buildSettings = {
				ASSETCATALOG_COMPILER_APPICON_NAME = AppIcon;
				ASSETCATALOG_COMPILER_GLOBAL_ACCENT_COLOR_NAME = AccentColor;
				CODE_SIGN_STYLE = Automatic;
				CURRENT_PROJECT_VERSION = 1;
				DEVELOPMENT_TEAM = CL6WF88HC8;
				GENERATE_INFOPLIST_FILE = YES;
				INFOPLIST_FILE = DemoCICD/Info.plist;
				INFOPLIST_KEY_UIApplicationSupportsIndirectInputEvents = YES;
				INFOPLIST_KEY_UILaunchStoryboardName = LaunchScreen;
				INFOPLIST_KEY_UIMainStoryboardFile = Main;
				INFOPLIST_KEY_UISupportedInterfaceOrientations_iPad = "UIInterfaceOrientationPortrait UIInterfaceOrientationPortraitUpsideDown UIInterfaceOrientationLandscapeLeft UIInterfaceOrientationLandscapeRight";
				INFOPLIST_KEY_UISupportedInterfaceOrientations_iPhone = "UIInterfaceOrientationPortrait UIInterfaceOrientationLandscapeLeft UIInterfaceOrientationLandscapeRight";
				LD_RUNPATH_SEARCH_PATHS = (
					"$(inherited)",
					"@executable_path/Frameworks",
				);
				MARKETING_VERSION = 1.0;
				PRODUCT_BUNDLE_IDENTIFIER = com.system.DemoCICD;
				PRODUCT_NAME = "$(TARGET_NAME)";
				SWIFT_EMIT_LOC_STRINGS = YES;
				SWIFT_VERSION = 5.0;
				TARGETED_DEVICE_FAMILY = "1,2";
			};
			name = Release;
		};
/* End XCBuildConfiguration section */

/* Begin XCConfigurationList section */
		843672282AB08BDE00177CD7 /* Build configuration list for PBXProject "DemoCICD" */ = {
			isa = XCConfigurationList;
			buildConfigurations = (
				8436723F2AB08BDF00177CD7 /* Debug */,
				843672402AB08BDF00177CD7 /* Release */,
			);
			defaultConfigurationIsVisible = 0;
			defaultConfigurationName = Release;
		};
		843672412AB08BDF00177CD7 /* Build configuration list for PBXNativeTarget "DemoCICD" */ = {
			isa = XCConfigurationList;
			buildConfigurations = (
				843672422AB08BDF00177CD7 /* Debug */,
				843672432AB08BDF00177CD7 /* Release */,
			);
			defaultConfigurationIsVisible = 0;
			defaultConfigurationName = Release;
		};
/* End XCConfigurationList section */
	};
	rootObject = 843672252AB08BDE00177CD7 /* Project object */;
}
